
Microsoft Visual Studio Solution File, Format Version 12.00
# Visual Studio Version 16
VisualStudioVersion = 16.0.30114.105
MinimumVisualStudioVersion = 10.0.40219.1
Project("{FAE04EC0-301F-11D3-BF4B-00C04F79EFBC}") = "Core", "Core\Core.csproj", "{2ACA85B6-8DBF-4833-A152-6A732DF5A821}"
EndProject
Project("{FAE04EC0-301F-11D3-BF4B-00C04F79EFBC}") = "WebAPI", "WebAPI\WebAPI.csproj", "{1655D57D-CDBD-4D78-9991-8E5CEC4E6568}"
EndProject
Global
	GlobalSection(SolutionConfigurationPlatforms) = preSolution
		Debug|Any CPU = Debug|Any CPU
		Release|Any CPU = Release|Any CPU
	EndGlobalSection
	GlobalSection(SolutionProperties) = preSolution
		HideSolutionNode = FALSE
	EndGlobalSection
	GlobalSection(ProjectConfigurationPlatforms) = postSolution
		{2ACA85B6-8DBF-4833-A152-6A732DF5A821}.Debug|Any CPU.ActiveCfg = Debug|Any CPU
		{2ACA85B6-8DBF-4833-A152-6A732DF5A821}.Debug|Any CPU.Build.0 = Debug|Any CPU
		{2ACA85B6-8DBF-4833-A152-6A732DF5A821}.Release|Any CPU.ActiveCfg = Release|Any CPU
		{2ACA85B6-8DBF-4833-A152-6A732DF5A821}.Release|Any CPU.Build.0 = Release|Any CPU
		{1655D57D-CDBD-4D78-9991-8E5CEC4E6568}.Debug|Any CPU.ActiveCfg = Debug|Any CPU
		{1655D57D-CDBD-4D78-9991-8E5CEC4E6568}.Debug|Any CPU.Build.0 = Debug|Any CPU
		{1655D57D-CDBD-4D78-9991-8E5CEC4E6568}.Release|Any CPU.ActiveCfg = Release|Any CPU
		{1655D57D-CDBD-4D78-9991-8E5CEC4E6568}.Release|Any CPU.Build.0 = Release|Any CPU
	EndGlobalSection
EndGlobal
